{
  "pins" : [
    {
      "identity" : "kakaomapssdk-spm",
      "kind" : "remoteSourceControl",
      "location" : "https://github.com/kakao-mapsSDK/KakaoMapsSDK-SPM.git",
      "state" : {
        "revision" : "c1571d411caca22ad6e3e76a593e0b95b3586fb7",
        "version" : "2.10.4"
      }
    }
  ],
  "version" : 2
}
