// !$*UTF8*$!
{
	archiveVersion = 1;
	classes = {
	};
	objectVersion = 56;
	objects = {

/* Begin PBXBuildFile section */
		925A7FA22BF2054400740EB4 /* BaseMapViewController.swift in Sources */ = {isa = PBXBuildFile; fileRef = 925A7FA12BF2054400740EB4 /* BaseMapViewController.swift */; };
		925A7FA42BF217AC00740EB4 /* CameraEventHandler.swift in Sources */ = {isa = PBXBuildFile; fileRef = 925A7FA32BF217AC00740EB4 /* CameraEventHandler.swift */; };
		925A7FA62BF219C600740EB4 /* SimplePOI.swift in Sources */ = {isa = PBXBuildFile; fileRef = 925A7FA52BF219C600740EB4 /* SimplePOI.swift */; };
		925A7FA92BF21E1800740EB4 /* mapIcoBookmark_01.png in Resources */ = {isa = PBXBuildFile; fileRef = 925A7FA82BF21E1800740EB4 /* mapIcoBookmark_01.png */; };
		925A7FAB2BF22A0700740EB4 /* CurrentPosition.swift in Sources */ = {isa = PBXBuildFile; fileRef = 925A7FAA2BF22A0700740EB4 /* CurrentPosition.swift */; };
		925A7FAD2BF22AEA00740EB4 /* map_ico_marker.png in Resources */ = {isa = PBXBuildFile; fileRef = 925A7FAC2BF22AEA00740EB4 /* map_ico_marker.png */; };
		925A7FB32BF22B4800740EB4 /* map_ico_direction_area.png in Resources */ = {isa = PBXBuildFile; fileRef = 925A7FAE2BF22B4800740EB4 /* map_ico_direction_area.png */; };
		925A7FB42BF22B4800740EB4 /* track_location_btn_pressed.png in Resources */ = {isa = PBXBuildFile; fileRef = 925A7FAF2BF22B4800740EB4 /* track_location_btn_pressed.png */; };
		925A7FB52BF22B4800740EB4 /* map_ico_marker_direction.png in Resources */ = {isa = PBXBuildFile; fileRef = 925A7FB02BF22B4800740EB4 /* map_ico_marker_direction.png */; };
		925A7FB62BF22B4800740EB4 /* track_location_btn_compass_on.png in Resources */ = {isa = PBXBuildFile; fileRef = 925A7FB12BF22B4800740EB4 /* track_location_btn_compass_on.png */; };
		925A7FB72BF22B4800740EB4 /* track_location_btn.png in Resources */ = {isa = PBXBuildFile; fileRef = 925A7FB22BF22B4800740EB4 /* track_location_btn.png */; };
		929250422BF1EB7B002BCB3D /* KakaoMapsSDK-SPM in Frameworks */ = {isa = PBXBuildFile; productRef = 929250412BF1EB7B002BCB3D /* KakaoMapsSDK-SPM */; };
		92B223982BE9FEC50095D1E1 /* AppDelegate.swift in Sources */ = {isa = PBXBuildFile; fileRef = 92B223972BE9FEC50095D1E1 /* AppDelegate.swift */; };
		92B2239A2BE9FEC50095D1E1 /* SceneDelegate.swift in Sources */ = {isa = PBXBuildFile; fileRef = 92B223992BE9FEC50095D1E1 /* SceneDelegate.swift */; };
		92B2239C2BE9FEC50095D1E1 /* ViewController.swift in Sources */ = {isa = PBXBuildFile; fileRef = 92B2239B2BE9FEC50095D1E1 /* ViewController.swift */; };
		92B2239F2BE9FEC50095D1E1 /* Main.storyboard in Resources */ = {isa = PBXBuildFile; fileRef = 92B2239D2BE9FEC50095D1E1 /* Main.storyboard */; };
		92B223A12BE9FEC80095D1E1 /* Assets.xcassets in Resources */ = {isa = PBXBuildFile; fileRef = 92B223A02BE9FEC80095D1E1 /* Assets.xcassets */; };
		92B223A42BE9FEC80095D1E1 /* LaunchScreen.storyboard in Resources */ = {isa = PBXBuildFile; fileRef = 92B223A22BE9FEC80095D1E1 /* LaunchScreen.storyboard */; };
		92B223AC2BEA130F0095D1E1 /* BoardViewController.swift in Sources */ = {isa = PBXBuildFile; fileRef = 92B223AB2BEA130F0095D1E1 /* BoardViewController.swift */; };
		92B223AF2BEA3AFD0095D1E1 /* Trend.swift in Sources */ = {isa = PBXBuildFile; fileRef = 92B223AE2BEA3AFD0095D1E1 /* Trend.swift */; };
		92B223B22BEB43D20095D1E1 /* TableViewCell.swift in Sources */ = {isa = PBXBuildFile; fileRef = 92B223B12BEB43D20095D1E1 /* TableViewCell.swift */; };
		92B223B62BEB9C6F0095D1E1 /* BoardDetailViewController.swift in Sources */ = {isa = PBXBuildFile; fileRef = 92B223B52BEB9C6F0095D1E1 /* BoardDetailViewController.swift */; };
		F247DC3CFD809DB03227430D /* Pods_BoardDemo.framework in Frameworks */ = {isa = PBXBuildFile; fileRef = 97BD783BFD02BD41C6754B31 /* Pods_BoardDemo.framework */; };
/* End PBXBuildFile section */

/* Begin PBXFileReference section */
		925A7FA12BF2054400740EB4 /* BaseMapViewController.swift */ = {isa = PBXFileReference; lastKnownFileType = sourcecode.swift; path = BaseMapViewController.swift; sourceTree = "<group>"; };
		925A7FA32BF217AC00740EB4 /* CameraEventHandler.swift */ = {isa = PBXFileReference; lastKnownFileType = sourcecode.swift; path = CameraEventHandler.swift; sourceTree = "<group>"; };
		925A7FA52BF219C600740EB4 /* SimplePOI.swift */ = {isa = PBXFileReference; lastKnownFileType = sourcecode.swift; path = SimplePOI.swift; sourceTree = "<group>"; };
		925A7FA82BF21E1800740EB4 /* mapIcoBookmark_01.png */ = {isa = PBXFileReference; lastKnownFileType = image.png; path = mapIcoBookmark_01.png; sourceTree = "<group>"; };
		925A7FAA2BF22A0700740EB4 /* CurrentPosition.swift */ = {isa = PBXFileReference; lastKnownFileType = sourcecode.swift; path = CurrentPosition.swift; sourceTree = "<group>"; };
		925A7FAC2BF22AEA00740EB4 /* map_ico_marker.png */ = {isa = PBXFileReference; lastKnownFileType = image.png; name = map_ico_marker.png; path = "../../../../ios_study/KakaoMapsSDK-Sample/KakaoMapsSDK-Sample/Resources/map_ico_marker.png"; sourceTree = "<group>"; };
		925A7FAE2BF22B4800740EB4 /* map_ico_direction_area.png */ = {isa = PBXFileReference; lastKnownFileType = image.png; name = map_ico_direction_area.png; path = "../../../../ios_study/KakaoMapsSDK-Sample/KakaoMapsSDK-Sample/Resources/map_ico_direction_area.png"; sourceTree = "<group>"; };
		925A7FAF2BF22B4800740EB4 /* track_location_btn_pressed.png */ = {isa = PBXFileReference; lastKnownFileType = image.png; name = track_location_btn_pressed.png; path = "../../../../ios_study/KakaoMapsSDK-Sample/KakaoMapsSDK-Sample/Resources/track_location_btn_pressed.png"; sourceTree = "<group>"; };
		925A7FB02BF22B4800740EB4 /* map_ico_marker_direction.png */ = {isa = PBXFileReference; lastKnownFileType = image.png; name = map_ico_marker_direction.png; path = "../../../../ios_study/KakaoMapsSDK-Sample/KakaoMapsSDK-Sample/Resources/map_ico_marker_direction.png"; sourceTree = "<group>"; };
		925A7FB12BF22B4800740EB4 /* track_location_btn_compass_on.png */ = {isa = PBXFileReference; lastKnownFileType = image.png; name = track_location_btn_compass_on.png; path = "../../../../ios_study/KakaoMapsSDK-Sample/KakaoMapsSDK-Sample/Resources/track_location_btn_compass_on.png"; sourceTree = "<group>"; };
		925A7FB22BF22B4800740EB4 /* track_location_btn.png */ = {isa = PBXFileReference; lastKnownFileType = image.png; name = track_location_btn.png; path = "../../../../ios_study/KakaoMapsSDK-Sample/KakaoMapsSDK-Sample/Resources/track_location_btn.png"; sourceTree = "<group>"; };
		929250432BF1F7FE002BCB3D /* env.xcconfig */ = {isa = PBXFileReference; lastKnownFileType = text.xcconfig; path = env.xcconfig; sourceTree = "<group>"; };
		92B223942BE9FEC50095D1E1 /* BoardDemo.app */ = {isa = PBXFileReference; explicitFileType = wrapper.application; includeInIndex = 0; path = BoardDemo.app; sourceTree = BUILT_PRODUCTS_DIR; };
		92B223972BE9FEC50095D1E1 /* AppDelegate.swift */ = {isa = PBXFileReference; lastKnownFileType = sourcecode.swift; path = AppDelegate.swift; sourceTree = "<group>"; };
		92B223992BE9FEC50095D1E1 /* SceneDelegate.swift */ = {isa = PBXFileReference; lastKnownFileType = sourcecode.swift; path = SceneDelegate.swift; sourceTree = "<group>"; };
		92B2239B2BE9FEC50095D1E1 /* ViewController.swift */ = {isa = PBXFileReference; lastKnownFileType = sourcecode.swift; path = ViewController.swift; sourceTree = "<group>"; };
		92B2239E2BE9FEC50095D1E1 /* Base */ = {isa = PBXFileReference; lastKnownFileType = file.storyboard; name = Base; path = Base.lproj/Main.storyboard; sourceTree = "<group>"; };
		92B223A02BE9FEC80095D1E1 /* Assets.xcassets */ = {isa = PBXFileReference; lastKnownFileType = folder.assetcatalog; path = Assets.xcassets; sourceTree = "<group>"; };
		92B223A32BE9FEC80095D1E1 /* Base */ = {isa = PBXFileReference; lastKnownFileType = file.storyboard; name = Base; path = Base.lproj/LaunchScreen.storyboard; sourceTree = "<group>"; };
		92B223A52BE9FEC80095D1E1 /* Info.plist */ = {isa = PBXFileReference; lastKnownFileType = text.plist.xml; path = Info.plist; sourceTree = "<group>"; };
		92B223AB2BEA130F0095D1E1 /* BoardViewController.swift */ = {isa = PBXFileReference; lastKnownFileType = sourcecode.swift; path = BoardViewController.swift; sourceTree = "<group>"; };
		92B223AE2BEA3AFD0095D1E1 /* Trend.swift */ = {isa = PBXFileReference; lastKnownFileType = sourcecode.swift; path = Trend.swift; sourceTree = "<group>"; };
		92B223B12BEB43D20095D1E1 /* TableViewCell.swift */ = {isa = PBXFileReference; lastKnownFileType = sourcecode.swift; path = TableViewCell.swift; sourceTree = "<group>"; };
		92B223B52BEB9C6F0095D1E1 /* BoardDetailViewController.swift */ = {isa = PBXFileReference; lastKnownFileType = sourcecode.swift; path = BoardDetailViewController.swift; sourceTree = "<group>"; };
		97BD783BFD02BD41C6754B31 /* Pods_BoardDemo.framework */ = {isa = PBXFileReference; explicitFileType = wrapper.framework; includeInIndex = 0; path = Pods_BoardDemo.framework; sourceTree = BUILT_PRODUCTS_DIR; };
		AB6B6C2452131EE2C621C65B /* Pods-BoardDemo.debug.xcconfig */ = {isa = PBXFileReference; includeInIndex = 1; lastKnownFileType = text.xcconfig; name = "Pods-BoardDemo.debug.xcconfig"; path = "Target Support Files/Pods-BoardDemo/Pods-BoardDemo.debug.xcconfig"; sourceTree = "<group>"; };
		C16E71A95909DA71390E7650 /* Pods-BoardDemo.release.xcconfig */ = {isa = PBXFileReference; includeInIndex = 1; lastKnownFileType = text.xcconfig; name = "Pods-BoardDemo.release.xcconfig"; path = "Target Support Files/Pods-BoardDemo/Pods-BoardDemo.release.xcconfig"; sourceTree = "<group>"; };
/* End PBXFileReference section */

/* Begin PBXFrameworksBuildPhase section */
		92B223912BE9FEC50095D1E1 /* Frameworks */ = {
			isa = PBXFrameworksBuildPhase;
			buildActionMask = 2147483647;
			files = (
				929250422BF1EB7B002BCB3D /* KakaoMapsSDK-SPM in Frameworks */,
				F247DC3CFD809DB03227430D /* Pods_BoardDemo.framework in Frameworks */,
			);
			runOnlyForDeploymentPostprocessing = 0;
		};
/* End PBXFrameworksBuildPhase section */

/* Begin PBXGroup section */
		6DA9BFF0F60B2CBFCF26888D /* Pods */ = {
			isa = PBXGroup;
			children = (
				AB6B6C2452131EE2C621C65B /* Pods-BoardDemo.debug.xcconfig */,
				C16E71A95909DA71390E7650 /* Pods-BoardDemo.release.xcconfig */,
			);
			path = Pods;
			sourceTree = "<group>";
		};
		925A7FA72BF21AB800740EB4 /* Resource */ = {
			isa = PBXGroup;
			children = (
				925A7FAE2BF22B4800740EB4 /* map_ico_direction_area.png */,
				925A7FB02BF22B4800740EB4 /* map_ico_marker_direction.png */,
				925A7FB12BF22B4800740EB4 /* track_location_btn_compass_on.png */,
				925A7FAF2BF22B4800740EB4 /* track_location_btn_pressed.png */,
				925A7FB22BF22B4800740EB4 /* track_location_btn.png */,
				925A7FAC2BF22AEA00740EB4 /* map_ico_marker.png */,
				925A7FA82BF21E1800740EB4 /* mapIcoBookmark_01.png */,
			);
			path = Resource;
			sourceTree = "<group>";
		};
		92B2238B2BE9FEC50095D1E1 = {
			isa = PBXGroup;
			children = (
				929250432BF1F7FE002BCB3D /* env.xcconfig */,
				92B223962BE9FEC50095D1E1 /* BoardDemo */,
				92B223952BE9FEC50095D1E1 /* Products */,
				6DA9BFF0F60B2CBFCF26888D /* Pods */,
				9A712AA70D6BE00770C9B20A /* Frameworks */,
			);
			sourceTree = "<group>";
		};
		92B223952BE9FEC50095D1E1 /* Products */ = {
			isa = PBXGroup;
			children = (
				92B223942BE9FEC50095D1E1 /* BoardDemo.app */,
			);
			name = Products;
			sourceTree = "<group>";
		};
		92B223962BE9FEC50095D1E1 /* BoardDemo */ = {
			isa = PBXGroup;
			children = (
				925A7FA72BF21AB800740EB4 /* Resource */,
				92B223B02BEB439F0095D1E1 /* view */,
				92B223AD2BEA3A530095D1E1 /* model */,
				92B223972BE9FEC50095D1E1 /* AppDelegate.swift */,
				92B223992BE9FEC50095D1E1 /* SceneDelegate.swift */,
				92B2239D2BE9FEC50095D1E1 /* Main.storyboard */,
				92B223A02BE9FEC80095D1E1 /* Assets.xcassets */,
				92B223A22BE9FEC80095D1E1 /* LaunchScreen.storyboard */,
				92B223A52BE9FEC80095D1E1 /* Info.plist */,
			);
			path = BoardDemo;
			sourceTree = "<group>";
		};
		92B223AD2BEA3A530095D1E1 /* model */ = {
			isa = PBXGroup;
			children = (
				92B223AE2BEA3AFD0095D1E1 /* Trend.swift */,
			);
			path = model;
			sourceTree = "<group>";
		};
		92B223B02BEB439F0095D1E1 /* view */ = {
			isa = PBXGroup;
			children = (
				92B2239B2BE9FEC50095D1E1 /* ViewController.swift */,
				92B223AB2BEA130F0095D1E1 /* BoardViewController.swift */,
				92B223B12BEB43D20095D1E1 /* TableViewCell.swift */,
				92B223B52BEB9C6F0095D1E1 /* BoardDetailViewController.swift */,
				925A7FA12BF2054400740EB4 /* BaseMapViewController.swift */,
				925A7FA32BF217AC00740EB4 /* CameraEventHandler.swift */,
				925A7FA52BF219C600740EB4 /* SimplePOI.swift */,
				925A7FAA2BF22A0700740EB4 /* CurrentPosition.swift */,
			);
			path = view;
			sourceTree = "<group>";
		};
		9A712AA70D6BE00770C9B20A /* Frameworks */ = {
			isa = PBXGroup;
			children = (
				97BD783BFD02BD41C6754B31 /* Pods_BoardDemo.framework */,
			);
			name = Frameworks;
			sourceTree = "<group>";
		};
/* End PBXGroup section */

/* Begin PBXNativeTarget section */
		92B223932BE9FEC50095D1E1 /* BoardDemo */ = {
			isa = PBXNativeTarget;
			buildConfigurationList = 92B223A82BE9FEC80095D1E1 /* Build configuration list for PBXNativeTarget "BoardDemo" */;
			buildPhases = (
				DC79F3E63F29AF2C70208ED2 /* [CP] Check Pods Manifest.lock */,
				92B223902BE9FEC50095D1E1 /* Sources */,
				92B223912BE9FEC50095D1E1 /* Frameworks */,
				92B223922BE9FEC50095D1E1 /* Resources */,
				1821709631F19981B0C5AAF2 /* [CP] Embed Pods Frameworks */,
			);
			buildRules = (
			);
			dependencies = (
			);
			name = BoardDemo;
			packageProductDependencies = (
				929250412BF1EB7B002BCB3D /* KakaoMapsSDK-SPM */,
			);
			productName = BoardDemo;
			productReference = 92B223942BE9FEC50095D1E1 /* BoardDemo.app */;
			productType = "com.apple.product-type.application";
		};
/* End PBXNativeTarget section */

/* Begin PBXProject section */
		92B2238C2BE9FEC50095D1E1 /* Project object */ = {
			isa = PBXProject;
			attributes = {
				BuildIndependentTargetsInParallel = 1;
				LastSwiftUpdateCheck = 1520;
				LastUpgradeCheck = 1520;
				TargetAttributes = {
					92B223932BE9FEC50095D1E1 = {
						CreatedOnToolsVersion = 15.2;
					};
				};
			};
			buildConfigurationList = 92B2238F2BE9FEC50095D1E1 /* Build configuration list for PBXProject "BoardDemo" */;
			compatibilityVersion = "Xcode 14.0";
			developmentRegion = en;
			hasScannedForEncodings = 0;
			knownRegions = (
				en,
				Base,
			);
			mainGroup = 92B2238B2BE9FEC50095D1E1;
			packageReferences = (
				929250402BF1EB7B002BCB3D /* XCRemoteSwiftPackageReference "KakaoMapsSDK-SPM" */,
			);
			productRefGroup = 92B223952BE9FEC50095D1E1 /* Products */;
			projectDirPath = "";
			projectRoot = "";
			targets = (
				92B223932BE9FEC50095D1E1 /* BoardDemo */,
			);
		};
/* End PBXProject section */

/* Begin PBXResourcesBuildPhase section */
		92B223922BE9FEC50095D1E1 /* Resources */ = {
			isa = PBXResourcesBuildPhase;
			buildActionMask = 2147483647;
			files = (
				925A7FB52BF22B4800740EB4 /* map_ico_marker_direction.png in Resources */,
				92B223A42BE9FEC80095D1E1 /* LaunchScreen.storyboard in Resources */,
				925A7FAD2BF22AEA00740EB4 /* map_ico_marker.png in Resources */,
				925A7FB72BF22B4800740EB4 /* track_location_btn.png in Resources */,
				92B223A12BE9FEC80095D1E1 /* Assets.xcassets in Resources */,
				925A7FB32BF22B4800740EB4 /* map_ico_direction_area.png in Resources */,
				925A7FB42BF22B4800740EB4 /* track_location_btn_pressed.png in Resources */,
				92B2239F2BE9FEC50095D1E1 /* Main.storyboard in Resources */,
				925A7FA92BF21E1800740EB4 /* mapIcoBookmark_01.png in Resources */,
				925A7FB62BF22B4800740EB4 /* track_location_btn_compass_on.png in Resources */,
			);
			runOnlyForDeploymentPostprocessing = 0;
		};
/* End PBXResourcesBuildPhase section */

/* Begin PBXShellScriptBuildPhase section */
		1821709631F19981B0C5AAF2 /* [CP] Embed Pods Frameworks */ = {
			isa = PBXShellScriptBuildPhase;
			buildActionMask = 2147483647;
			files = (
			);
			inputFileListPaths = (
				"${PODS_ROOT}/Target Support Files/Pods-BoardDemo/Pods-BoardDemo-frameworks-${CONFIGURATION}-input-files.xcfilelist",
			);
			name = "[CP] Embed Pods Frameworks";
			outputFileListPaths = (
				"${PODS_ROOT}/Target Support Files/Pods-BoardDemo/Pods-BoardDemo-frameworks-${CONFIGURATION}-output-files.xcfilelist",
			);
			runOnlyForDeploymentPostprocessing = 0;
			shellPath = /bin/sh;
			shellScript = "\"${PODS_ROOT}/Target Support Files/Pods-BoardDemo/Pods-BoardDemo-frameworks.sh\"\n";
			showEnvVarsInLog = 0;
		};
		DC79F3E63F29AF2C70208ED2 /* [CP] Check Pods Manifest.lock */ = {
			isa = PBXShellScriptBuildPhase;
			buildActionMask = 2147483647;
			files = (
			);
			inputFileListPaths = (
			);
			inputPaths = (
				"${PODS_PODFILE_DIR_PATH}/Podfile.lock",
				"${PODS_ROOT}/Manifest.lock",
			);
			name = "[CP] Check Pods Manifest.lock";
			outputFileListPaths = (
			);
			outputPaths = (
				"$(DERIVED_FILE_DIR)/Pods-BoardDemo-checkManifestLockResult.txt",
			);
			runOnlyForDeploymentPostprocessing = 0;
			shellPath = /bin/sh;
			shellScript = "diff \"${PODS_PODFILE_DIR_PATH}/Podfile.lock\" \"${PODS_ROOT}/Manifest.lock\" > /dev/null\nif [ $? != 0 ] ; then\n    # print error to STDERR\n    echo \"error: The sandbox is not in sync with the Podfile.lock. Run 'pod install' or update your CocoaPods installation.\" >&2\n    exit 1\nfi\n# This output is used by Xcode 'outputs' to avoid re-running this script phase.\necho \"SUCCESS\" > \"${SCRIPT_OUTPUT_FILE_0}\"\n";
			showEnvVarsInLog = 0;
		};
/* End PBXShellScriptBuildPhase section */

/* Begin PBXSourcesBuildPhase section */
		92B223902BE9FEC50095D1E1 /* Sources */ = {
			isa = PBXSourcesBuildPhase;
			buildActionMask = 2147483647;
			files = (
				925A7FAB2BF22A0700740EB4 /* CurrentPosition.swift in Sources */,
				92B2239C2BE9FEC50095D1E1 /* ViewController.swift in Sources */,
				92B223B62BEB9C6F0095D1E1 /* BoardDetailViewController.swift in Sources */,
				92B223982BE9FEC50095D1E1 /* AppDelegate.swift in Sources */,
				925A7FA42BF217AC00740EB4 /* CameraEventHandler.swift in Sources */,
				92B223AF2BEA3AFD0095D1E1 /* Trend.swift in Sources */,
				92B223B22BEB43D20095D1E1 /* TableViewCell.swift in Sources */,
				92B2239A2BE9FEC50095D1E1 /* SceneDelegate.swift in Sources */,
				92B223AC2BEA130F0095D1E1 /* BoardViewController.swift in Sources */,
				925A7FA62BF219C600740EB4 /* SimplePOI.swift in Sources */,
				925A7FA22BF2054400740EB4 /* BaseMapViewController.swift in Sources */,
			);
			runOnlyForDeploymentPostprocessing = 0;
		};
/* End PBXSourcesBuildPhase section */

/* Begin PBXVariantGroup section */
		92B2239D2BE9FEC50095D1E1 /* Main.storyboard */ = {
			isa = PBXVariantGroup;
			children = (
				92B2239E2BE9FEC50095D1E1 /* Base */,
			);
			name = Main.storyboard;
			sourceTree = "<group>";
		};
		92B223A22BE9FEC80095D1E1 /* LaunchScreen.storyboard */ = {
			isa = PBXVariantGroup;
			children = (
				92B223A32BE9FEC80095D1E1 /* Base */,
			);
			name = LaunchScreen.storyboard;
			sourceTree = "<group>";
		};
/* End PBXVariantGroup section */

/* Begin XCBuildConfiguration section */
		92B223A62BE9FEC80095D1E1 /* Debug */ = {
			isa = XCBuildConfiguration;
			baseConfigurationReference = 929250432BF1F7FE002BCB3D /* env.xcconfig */;
			buildSettings = {
				ALWAYS_SEARCH_USER_PATHS = NO;
				ASSETCATALOG_COMPILER_GENERATE_SWIFT_ASSET_SYMBOL_EXTENSIONS = YES;
				CLANG_ANALYZER_NONNULL = YES;
				CLANG_ANALYZER_NUMBER_OBJECT_CONVERSION = YES_AGGRESSIVE;
				CLANG_CXX_LANGUAGE_STANDARD = "gnu++20";
				CLANG_ENABLE_MODULES = YES;
				CLANG_ENABLE_OBJC_ARC = YES;
				CLANG_ENABLE_OBJC_WEAK = YES;
				CLANG_WARN_BLOCK_CAPTURE_AUTORELEASING = YES;
				CLANG_WARN_BOOL_CONVERSION = YES;
				CLANG_WARN_COMMA = YES;
				CLANG_WARN_CONSTANT_CONVERSION = YES;
				CLANG_WARN_DEPRECATED_OBJC_IMPLEMENTATIONS = YES;
				CLANG_WARN_DIRECT_OBJC_ISA_USAGE = YES_ERROR;
				CLANG_WARN_DOCUMENTATION_COMMENTS = YES;
				CLANG_WARN_EMPTY_BODY = YES;
				CLANG_WARN_ENUM_CONVERSION = YES;
				CLANG_WARN_INFINITE_RECURSION = YES;
				CLANG_WARN_INT_CONVERSION = YES;
				CLANG_WARN_NON_LITERAL_NULL_CONVERSION = YES;
				CLANG_WARN_OBJC_IMPLICIT_RETAIN_SELF = YES;
				CLANG_WARN_OBJC_LITERAL_CONVERSION = YES;
				CLANG_WARN_OBJC_ROOT_CLASS = YES_ERROR;
				CLANG_WARN_QUOTED_INCLUDE_IN_FRAMEWORK_HEADER = YES;
				CLANG_WARN_RANGE_LOOP_ANALYSIS = YES;
				CLANG_WARN_STRICT_PROTOTYPES = YES;
				CLANG_WARN_SUSPICIOUS_MOVE = YES;
				CLANG_WARN_UNGUARDED_AVAILABILITY = YES_AGGRESSIVE;
				CLANG_WARN_UNREACHABLE_CODE = YES;
				CLANG_WARN__DUPLICATE_METHOD_MATCH = YES;
				COPY_PHASE_STRIP = NO;
				DEBUG_INFORMATION_FORMAT = dwarf;
				ENABLE_STRICT_OBJC_MSGSEND = YES;
				ENABLE_TESTABILITY = YES;
				ENABLE_USER_SCRIPT_SANDBOXING = NO;
				GCC_C_LANGUAGE_STANDARD = gnu17;
				GCC_DYNAMIC_NO_PIC = NO;
				GCC_NO_COMMON_BLOCKS = YES;
				GCC_OPTIMIZATION_LEVEL = 0;
				GCC_PREPROCESSOR_DEFINITIONS = (
					"DEBUG=1",
					"$(inherited)",
				);
				GCC_WARN_64_TO_32_BIT_CONVERSION = YES;
				GCC_WARN_ABOUT_RETURN_TYPE = YES_ERROR;
				GCC_WARN_UNDECLARED_SELECTOR = YES;
				GCC_WARN_UNINITIALIZED_AUTOS = YES_AGGRESSIVE;
				GCC_WARN_UNUSED_FUNCTION = YES;
				GCC_WARN_UNUSED_VARIABLE = YES;
				IPHONEOS_DEPLOYMENT_TARGET = 17.2;
				LOCALIZATION_PREFERS_STRING_CATALOGS = YES;
				MTL_ENABLE_DEBUG_INFO = INCLUDE_SOURCE;
				MTL_FAST_MATH = YES;
				ONLY_ACTIVE_ARCH = YES;
				SDKROOT = iphoneos;
				SWIFT_ACTIVE_COMPILATION_CONDITIONS = "DEBUG $(inherited)";
				SWIFT_OPTIMIZATION_LEVEL = "-Onone";
			};
			name = Debug;
		};
		92B223A72BE9FEC80095D1E1 /* Release */ = {
			isa = XCBuildConfiguration;
			baseConfigurationReference = 929250432BF1F7FE002BCB3D /* env.xcconfig */;
			buildSettings = {
				ALWAYS_SEARCH_USER_PATHS = NO;
				ASSETCATALOG_COMPILER_GENERATE_SWIFT_ASSET_SYMBOL_EXTENSIONS = YES;
				CLANG_ANALYZER_NONNULL = YES;
				CLANG_ANALYZER_NUMBER_OBJECT_CONVERSION = YES_AGGRESSIVE;
				CLANG_CXX_LANGUAGE_STANDARD = "gnu++20";
				CLANG_ENABLE_MODULES = YES;
				CLANG_ENABLE_OBJC_ARC = YES;
				CLANG_ENABLE_OBJC_WEAK = YES;
				CLANG_WARN_BLOCK_CAPTURE_AUTORELEASING = YES;
				CLANG_WARN_BOOL_CONVERSION = YES;
				CLANG_WARN_COMMA = YES;
				CLANG_WARN_CONSTANT_CONVERSION = YES;
				CLANG_WARN_DEPRECATED_OBJC_IMPLEMENTATIONS = YES;
				CLANG_WARN_DIRECT_OBJC_ISA_USAGE = YES_ERROR;
				CLANG_WARN_DOCUMENTATION_COMMENTS = YES;
				CLANG_WARN_EMPTY_BODY = YES;
				CLANG_WARN_ENUM_CONVERSION = YES;
				CLANG_WARN_INFINITE_RECURSION = YES;
				CLANG_WARN_INT_CONVERSION = YES;
				CLANG_WARN_NON_LITERAL_NULL_CONVERSION = YES;
				CLANG_WARN_OBJC_IMPLICIT_RETAIN_SELF = YES;
				CLANG_WARN_OBJC_LITERAL_CONVERSION = YES;
				CLANG_WARN_OBJC_ROOT_CLASS = YES_ERROR;
				CLANG_WARN_QUOTED_INCLUDE_IN_FRAMEWORK_HEADER = YES;
				CLANG_WARN_RANGE_LOOP_ANALYSIS = YES;
				CLANG_WARN_STRICT_PROTOTYPES = YES;
				CLANG_WARN_SUSPICIOUS_MOVE = YES;
				CLANG_WARN_UNGUARDED_AVAILABILITY = YES_AGGRESSIVE;
				CLANG_WARN_UNREACHABLE_CODE = YES;
				CLANG_WARN__DUPLICATE_METHOD_MATCH = YES;
				COPY_PHASE_STRIP = NO;
				DEBUG_INFORMATION_FORMAT = "dwarf-with-dsym";
				ENABLE_NS_ASSERTIONS = NO;
				ENABLE_STRICT_OBJC_MSGSEND = YES;
				ENABLE_USER_SCRIPT_SANDBOXING = NO;
				GCC_C_LANGUAGE_STANDARD = gnu17;
				GCC_NO_COMMON_BLOCKS = YES;
				GCC_WARN_64_TO_32_BIT_CONVERSION = YES;
				GCC_WARN_ABOUT_RETURN_TYPE = YES_ERROR;
				GCC_WARN_UNDECLARED_SELECTOR = YES;
				GCC_WARN_UNINITIALIZED_AUTOS = YES_AGGRESSIVE;
				GCC_WARN_UNUSED_FUNCTION = YES;
				GCC_WARN_UNUSED_VARIABLE = YES;
				IPHONEOS_DEPLOYMENT_TARGET = 17.2;
				LOCALIZATION_PREFERS_STRING_CATALOGS = YES;
				MTL_ENABLE_DEBUG_INFO = NO;
				MTL_FAST_MATH = YES;
				SDKROOT = iphoneos;
				SWIFT_COMPILATION_MODE = wholemodule;
				VALIDATE_PRODUCT = YES;
			};
			name = Release;
		};
		92B223A92BE9FEC80095D1E1 /* Debug */ = {
			isa = XCBuildConfiguration;
			baseConfigurationReference = AB6B6C2452131EE2C621C65B /* Pods-BoardDemo.debug.xcconfig */;
			buildSettings = {
				ASSETCATALOG_COMPILER_APPICON_NAME = AppIcon;
				ASSETCATALOG_COMPILER_GLOBAL_ACCENT_COLOR_NAME = AccentColor;
				CODE_SIGN_STYLE = Automatic;
				CURRENT_PROJECT_VERSION = 1;
				DEVELOPMENT_TEAM = "";
				GENERATE_INFOPLIST_FILE = YES;
				INFOPLIST_FILE = BoardDemo/Info.plist;
				INFOPLIST_KEY_UIApplicationSupportsIndirectInputEvents = YES;
				INFOPLIST_KEY_UILaunchStoryboardName = LaunchScreen;
				INFOPLIST_KEY_UIMainStoryboardFile = Main;
				INFOPLIST_KEY_UISupportedInterfaceOrientations_iPad = "UIInterfaceOrientationPortrait UIInterfaceOrientationPortraitUpsideDown UIInterfaceOrientationLandscapeLeft UIInterfaceOrientationLandscapeRight";
				INFOPLIST_KEY_UISupportedInterfaceOrientations_iPhone = "UIInterfaceOrientationPortrait UIInterfaceOrientationLandscapeLeft UIInterfaceOrientationLandscapeRight";
				LD_RUNPATH_SEARCH_PATHS = (
					"$(inherited)",
					"@executable_path/Frameworks",
				);
				MARKETING_VERSION = 1.0;
				PRODUCT_BUNDLE_IDENTIFIER = dev.yeonji.BoardDemo;
				PRODUCT_NAME = "$(TARGET_NAME)";
				SWIFT_EMIT_LOC_STRINGS = YES;
				SWIFT_VERSION = 5.0;
				TARGETED_DEVICE_FAMILY = "1,2";
			};
			name = Debug;
		};
		92B223AA2BE9FEC80095D1E1 /* Release */ = {
			isa = XCBuildConfiguration;
			baseConfigurationReference = C16E71A95909DA71390E7650 /* Pods-BoardDemo.release.xcconfig */;
			buildSettings = {
				ASSETCATALOG_COMPILER_APPICON_NAME = AppIcon;
				ASSETCATALOG_COMPILER_GLOBAL_ACCENT_COLOR_NAME = AccentColor;
				CODE_SIGN_STYLE = Automatic;
				CURRENT_PROJECT_VERSION = 1;
				GENERATE_INFOPLIST_FILE = YES;
				INFOPLIST_FILE = BoardDemo/Info.plist;
				INFOPLIST_KEY_UIApplicationSupportsIndirectInputEvents = YES;
				INFOPLIST_KEY_UILaunchStoryboardName = LaunchScreen;
				INFOPLIST_KEY_UIMainStoryboardFile = Main;
				INFOPLIST_KEY_UISupportedInterfaceOrientations_iPad = "UIInterfaceOrientationPortrait UIInterfaceOrientationPortraitUpsideDown UIInterfaceOrientationLandscapeLeft UIInterfaceOrientationLandscapeRight";
				INFOPLIST_KEY_UISupportedInterfaceOrientations_iPhone = "UIInterfaceOrientationPortrait UIInterfaceOrientationLandscapeLeft UIInterfaceOrientationLandscapeRight";
				LD_RUNPATH_SEARCH_PATHS = (
					"$(inherited)",
					"@executable_path/Frameworks",
				);
				MARKETING_VERSION = 1.0;
				PRODUCT_BUNDLE_IDENTIFIER = dev.yeonji.BoardDemo;
				PRODUCT_NAME = "$(TARGET_NAME)";
				SWIFT_EMIT_LOC_STRINGS = YES;
				SWIFT_VERSION = 5.0;
				TARGETED_DEVICE_FAMILY = "1,2";
			};
			name = Release;
		};
/* End XCBuildConfiguration section */

/* Begin XCConfigurationList section */
		92B2238F2BE9FEC50095D1E1 /* Build configuration list for PBXProject "BoardDemo" */ = {
			isa = XCConfigurationList;
			buildConfigurations = (
				92B223A62BE9FEC80095D1E1 /* Debug */,
				92B223A72BE9FEC80095D1E1 /* Release */,
			);
			defaultConfigurationIsVisible = 0;
			defaultConfigurationName = Release;
		};
		92B223A82BE9FEC80095D1E1 /* Build configuration list for PBXNativeTarget "BoardDemo" */ = {
			isa = XCConfigurationList;
			buildConfigurations = (
				92B223A92BE9FEC80095D1E1 /* Debug */,
				92B223AA2BE9FEC80095D1E1 /* Release */,
			);
			defaultConfigurationIsVisible = 0;
			defaultConfigurationName = Release;
		};
/* End XCConfigurationList section */

/* Begin XCRemoteSwiftPackageReference section */
		929250402BF1EB7B002BCB3D /* XCRemoteSwiftPackageReference "KakaoMapsSDK-SPM" */ = {
			isa = XCRemoteSwiftPackageReference;
			repositoryURL = "https://github.com/kakao-mapsSDK/KakaoMapsSDK-SPM.git";
			requirement = {
				kind = upToNextMajorVersion;
				minimumVersion = 2.10.4;
			};
		};
/* End XCRemoteSwiftPackageReference section */

/* Begin XCSwiftPackageProductDependency section */
		929250412BF1EB7B002BCB3D /* KakaoMapsSDK-SPM */ = {
			isa = XCSwiftPackageProductDependency;
			package = 929250402BF1EB7B002BCB3D /* XCRemoteSwiftPackageReference "KakaoMapsSDK-SPM" */;
			productName = "KakaoMapsSDK-SPM";
		};
/* End XCSwiftPackageProductDependency section */
	};
	rootObject = 92B2238C2BE9FEC50095D1E1 /* Project object */;
}
