// !$*UTF8*$!
{
	archiveVersion = 1;
	classes = {
	};
	objectVersion = 56;
	objects = {

/* Begin PBXBuildFile section */
		92B223982BE9FEC50095D1E1 /* AppDelegate.swift in Sources */ = {isa = PBXBuildFile; fileRef = 92B223972BE9FEC50095D1E1 /* AppDelegate.swift */; };
		92B2239A2BE9FEC50095D1E1 /* SceneDelegate.swift in Sources */ = {isa = PBXBuildFile; fileRef = 92B223992BE9FEC50095D1E1 /* SceneDelegate.swift */; };
		92B2239C2BE9FEC50095D1E1 /* ViewController.swift in Sources */ = {isa = PBXBuildFile; fileRef = 92B2239B2BE9FEC50095D1E1 /* ViewController.swift */; };
		92B2239F2BE9FEC50095D1E1 /* Main.storyboard in Resources */ = {isa = PBXBuildFile; fileRef = 92B2239D2BE9FEC50095D1E1 /* Main.storyboard */; };
		92B223A12BE9FEC80095D1E1 /* Assets.xcassets in Resources */ = {isa = PBXBuildFile; fileRef = 92B223A02BE9FEC80095D1E1 /* Assets.xcassets */; };
		92B223A42BE9FEC80095D1E1 /* LaunchScreen.storyboard in Resources */ = {isa = PBXBuildFile; fileRef = 92B223A22BE9FEC80095D1E1 /* LaunchScreen.storyboard */; };
		92B223AC2BEA130F0095D1E1 /* BoardViewController.swift in Sources */ = {isa = PBXBuildFile; fileRef = 92B223AB2BEA130F0095D1E1 /* BoardViewController.swift */; };
		92B223AF2BEA3AFD0095D1E1 /* Trend.swift in Sources */ = {isa = PBXBuildFile; fileRef = 92B223AE2BEA3AFD0095D1E1 /* Trend.swift */; };
		92B223B22BEB43D20095D1E1 /* TableViewCell.swift in Sources */ = {isa = PBXBuildFile; fileRef = 92B223B12BEB43D20095D1E1 /* TableViewCell.swift */; };
		92B223B62BEB9C6F0095D1E1 /* BoardDetailViewController.swift in Sources */ = {isa = PBXBuildFile; fileRef = 92B223B52BEB9C6F0095D1E1 /* BoardDetailViewController.swift */; };
/* End PBXBuildFile section */

/* Begin PBXFileReference section */
		92B223942BE9FEC50095D1E1 /* BoardDemo.app */ = {isa = PBXFileReference; explicitFileType = wrapper.application; includeInIndex = 0; path = BoardDemo.app; sourceTree = BUILT_PRODUCTS_DIR; };
		92B223972BE9FEC50095D1E1 /* AppDelegate.swift */ = {isa = PBXFileReference; lastKnownFileType = sourcecode.swift; path = AppDelegate.swift; sourceTree = "<group>"; };
		92B223992BE9FEC50095D1E1 /* SceneDelegate.swift */ = {isa = PBXFileReference; lastKnownFileType = sourcecode.swift; path = SceneDelegate.swift; sourceTree = "<group>"; };
		92B2239B2BE9FEC50095D1E1 /* ViewController.swift */ = {isa = PBXFileReference; lastKnownFileType = sourcecode.swift; path = ViewController.swift; sourceTree = "<group>"; };
		92B2239E2BE9FEC50095D1E1 /* Base */ = {isa = PBXFileReference; lastKnownFileType = file.storyboard; name = Base; path = Base.lproj/Main.storyboard; sourceTree = "<group>"; };
		92B223A02BE9FEC80095D1E1 /* Assets.xcassets */ = {isa = PBXFileReference; lastKnownFileType = folder.assetcatalog; path = Assets.xcassets; sourceTree = "<group>"; };
		92B223A32BE9FEC80095D1E1 /* Base */ = {isa = PBXFileReference; lastKnownFileType = file.storyboard; name = Base; path = Base.lproj/LaunchScreen.storyboard; sourceTree = "<group>"; };
		92B223A52BE9FEC80095D1E1 /* Info.plist */ = {isa = PBXFileReference; lastKnownFileType = text.plist.xml; path = Info.plist; sourceTree = "<group>"; };
		92B223AB2BEA130F0095D1E1 /* BoardViewController.swift */ = {isa = PBXFileReference; lastKnownFileType = sourcecode.swift; path = BoardViewController.swift; sourceTree = "<group>"; };
		92B223AE2BEA3AFD0095D1E1 /* Trend.swift */ = {isa = PBXFileReference; lastKnownFileType = sourcecode.swift; path = Trend.swift; sourceTree = "<group>"; };
		92B223B12BEB43D20095D1E1 /* TableViewCell.swift */ = {isa = PBXFileReference; lastKnownFileType = sourcecode.swift; path = TableViewCell.swift; sourceTree = "<group>"; };
		92B223B52BEB9C6F0095D1E1 /* BoardDetailViewController.swift */ = {isa = PBXFileReference; lastKnownFileType = sourcecode.swift; path = BoardDetailViewController.swift; sourceTree = "<group>"; };
/* End PBXFileReference section */

/* Begin PBXFrameworksBuildPhase section */
		92B223912BE9FEC50095D1E1 /* Frameworks */ = {
			isa = PBXFrameworksBuildPhase;
			buildActionMask = 2147483647;
			files = (
			);
			runOnlyForDeploymentPostprocessing = 0;
		};
/* End PBXFrameworksBuildPhase section */

/* Begin PBXGroup section */
		92B2238B2BE9FEC50095D1E1 = {
			isa = PBXGroup;
			children = (
				92B223962BE9FEC50095D1E1 /* BoardDemo */,
				92B223952BE9FEC50095D1E1 /* Products */,
			);
			sourceTree = "<group>";
		};
		92B223952BE9FEC50095D1E1 /* Products */ = {
			isa = PBXGroup;
			children = (
				92B223942BE9FEC50095D1E1 /* BoardDemo.app */,
			);
			name = Products;
			sourceTree = "<group>";
		};
		92B223962BE9FEC50095D1E1 /* BoardDemo */ = {
			isa = PBXGroup;
			children = (
				92B223B02BEB439F0095D1E1 /* view */,
				92B223AD2BEA3A530095D1E1 /* model */,
				92B223972BE9FEC50095D1E1 /* AppDelegate.swift */,
				92B223992BE9FEC50095D1E1 /* SceneDelegate.swift */,
				92B2239D2BE9FEC50095D1E1 /* Main.storyboard */,
				92B223A02BE9FEC80095D1E1 /* Assets.xcassets */,
				92B223A22BE9FEC80095D1E1 /* LaunchScreen.storyboard */,
				92B223A52BE9FEC80095D1E1 /* Info.plist */,
			);
			path = BoardDemo;
			sourceTree = "<group>";
		};
		92B223AD2BEA3A530095D1E1 /* model */ = {
			isa = PBXGroup;
			children = (
				92B223AE2BEA3AFD0095D1E1 /* Trend.swift */,
			);
			path = model;
			sourceTree = "<group>";
		};
		92B223B02BEB439F0095D1E1 /* view */ = {
			isa = PBXGroup;
			children = (
				92B2239B2BE9FEC50095D1E1 /* ViewController.swift */,
				92B223AB2BEA130F0095D1E1 /* BoardViewController.swift */,
				92B223B12BEB43D20095D1E1 /* TableViewCell.swift */,
				92B223B52BEB9C6F0095D1E1 /* BoardDetailViewController.swift */,
			);
			path = view;
			sourceTree = "<group>";
		};
/* End PBXGroup section */

/* Begin PBXNativeTarget section */
		92B223932BE9FEC50095D1E1 /* BoardDemo */ = {
			isa = PBXNativeTarget;
			buildConfigurationList = 92B223A82BE9FEC80095D1E1 /* Build configuration list for PBXNativeTarget "BoardDemo" */;
			buildPhases = (
				92B223902BE9FEC50095D1E1 /* Sources */,
				92B223912BE9FEC50095D1E1 /* Frameworks */,
				92B223922BE9FEC50095D1E1 /* Resources */,
			);
			buildRules = (
			);
			dependencies = (
			);
			name = BoardDemo;
			productName = BoardDemo;
			productReference = 92B223942BE9FEC50095D1E1 /* BoardDemo.app */;
			productType = "com.apple.product-type.application";
		};
/* End PBXNativeTarget section */

/* Begin PBXProject section */
		92B2238C2BE9FEC50095D1E1 /* Project object */ = {
			isa = PBXProject;
			attributes = {
				BuildIndependentTargetsInParallel = 1;
				LastSwiftUpdateCheck = 1520;
				LastUpgradeCheck = 1520;
				TargetAttributes = {
					92B223932BE9FEC50095D1E1 = {
						CreatedOnToolsVersion = 15.2;
					};
				};
			};
			buildConfigurationList = 92B2238F2BE9FEC50095D1E1 /* Build configuration list for PBXProject "BoardDemo" */;
			compatibilityVersion = "Xcode 14.0";
			developmentRegion = en;
			hasScannedForEncodings = 0;
			knownRegions = (
				en,
				Base,
			);
			mainGroup = 92B2238B2BE9FEC50095D1E1;
			productRefGroup = 92B223952BE9FEC50095D1E1 /* Products */;
			projectDirPath = "";
			projectRoot = "";
			targets = (
				92B223932BE9FEC50095D1E1 /* BoardDemo */,
			);
		};
/* End PBXProject section */

/* Begin PBXResourcesBuildPhase section */
		92B223922BE9FEC50095D1E1 /* Resources */ = {
			isa = PBXResourcesBuildPhase;
			buildActionMask = 2147483647;
			files = (
				92B223A42BE9FEC80095D1E1 /* LaunchScreen.storyboard in Resources */,
				92B223A12BE9FEC80095D1E1 /* Assets.xcassets in Resources */,
				92B2239F2BE9FEC50095D1E1 /* Main.storyboard in Resources */,
			);
			runOnlyForDeploymentPostprocessing = 0;
		};
/* End PBXResourcesBuildPhase section */

/* Begin PBXSourcesBuildPhase section */
		92B223902BE9FEC50095D1E1 /* Sources */ = {
			isa = PBXSourcesBuildPhase;
			buildActionMask = 2147483647;
			files = (
				92B2239C2BE9FEC50095D1E1 /* ViewController.swift in Sources */,
				92B223B62BEB9C6F0095D1E1 /* BoardDetailViewController.swift in Sources */,
				92B223982BE9FEC50095D1E1 /* AppDelegate.swift in Sources */,
				92B223AF2BEA3AFD0095D1E1 /* Trend.swift in Sources */,
				92B223B22BEB43D20095D1E1 /* TableViewCell.swift in Sources */,
				92B2239A2BE9FEC50095D1E1 /* SceneDelegate.swift in Sources */,
				92B223AC2BEA130F0095D1E1 /* BoardViewController.swift in Sources */,
			);
			runOnlyForDeploymentPostprocessing = 0;
		};
/* End PBXSourcesBuildPhase section */

/* Begin PBXVariantGroup section */
		92B2239D2BE9FEC50095D1E1 /* Main.storyboard */ = {
			isa = PBXVariantGroup;
			children = (
				92B2239E2BE9FEC50095D1E1 /* Base */,
			);
			name = Main.storyboard;
			sourceTree = "<group>";
		};
		92B223A22BE9FEC80095D1E1 /* LaunchScreen.storyboard */ = {
			isa = PBXVariantGroup;
			children = (
				92B223A32BE9FEC80095D1E1 /* Base */,
			);
			name = LaunchScreen.storyboard;
			sourceTree = "<group>";
		};
/* End PBXVariantGroup section */

/* Begin XCBuildConfiguration section */
		92B223A62BE9FEC80095D1E1 /* Debug */ = {
			isa = XCBuildConfiguration;
			buildSettings = {
				ALWAYS_SEARCH_USER_PATHS = NO;
				ASSETCATALOG_COMPILER_GENERATE_SWIFT_ASSET_SYMBOL_EXTENSIONS = YES;
				CLANG_ANALYZER_NONNULL = YES;
				CLANG_ANALYZER_NUMBER_OBJECT_CONVERSION = YES_AGGRESSIVE;
				CLANG_CXX_LANGUAGE_STANDARD = "gnu++20";
				CLANG_ENABLE_MODULES = YES;
				CLANG_ENABLE_OBJC_ARC = YES;
				CLANG_ENABLE_OBJC_WEAK = YES;
				CLANG_WARN_BLOCK_CAPTURE_AUTORELEASING = YES;
				CLANG_WARN_BOOL_CONVERSION = YES;
				CLANG_WARN_COMMA = YES;
				CLANG_WARN_CONSTANT_CONVERSION = YES;
				CLANG_WARN_DEPRECATED_OBJC_IMPLEMENTATIONS = YES;
				CLANG_WARN_DIRECT_OBJC_ISA_USAGE = YES_ERROR;
				CLANG_WARN_DOCUMENTATION_COMMENTS = YES;
				CLANG_WARN_EMPTY_BODY = YES;
				CLANG_WARN_ENUM_CONVERSION = YES;
				CLANG_WARN_INFINITE_RECURSION = YES;
				CLANG_WARN_INT_CONVERSION = YES;
				CLANG_WARN_NON_LITERAL_NULL_CONVERSION = YES;
				CLANG_WARN_OBJC_IMPLICIT_RETAIN_SELF = YES;
				CLANG_WARN_OBJC_LITERAL_CONVERSION = YES;
				CLANG_WARN_OBJC_ROOT_CLASS = YES_ERROR;
				CLANG_WARN_QUOTED_INCLUDE_IN_FRAMEWORK_HEADER = YES;
				CLANG_WARN_RANGE_LOOP_ANALYSIS = YES;
				CLANG_WARN_STRICT_PROTOTYPES = YES;
				CLANG_WARN_SUSPICIOUS_MOVE = YES;
				CLANG_WARN_UNGUARDED_AVAILABILITY = YES_AGGRESSIVE;
				CLANG_WARN_UNREACHABLE_CODE = YES;
				CLANG_WARN__DUPLICATE_METHOD_MATCH = YES;
				COPY_PHASE_STRIP = NO;
				DEBUG_INFORMATION_FORMAT = dwarf;
				ENABLE_STRICT_OBJC_MSGSEND = YES;
				ENABLE_TESTABILITY = YES;
				ENABLE_USER_SCRIPT_SANDBOXING = YES;
				GCC_C_LANGUAGE_STANDARD = gnu17;
				GCC_DYNAMIC_NO_PIC = NO;
				GCC_NO_COMMON_BLOCKS = YES;
				GCC_OPTIMIZATION_LEVEL = 0;
				GCC_PREPROCESSOR_DEFINITIONS = (
					"DEBUG=1",
					"$(inherited)",
				);
				GCC_WARN_64_TO_32_BIT_CONVERSION = YES;
				GCC_WARN_ABOUT_RETURN_TYPE = YES_ERROR;
				GCC_WARN_UNDECLARED_SELECTOR = YES;
				GCC_WARN_UNINITIALIZED_AUTOS = YES_AGGRESSIVE;
				GCC_WARN_UNUSED_FUNCTION = YES;
				GCC_WARN_UNUSED_VARIABLE = YES;
				IPHONEOS_DEPLOYMENT_TARGET = 17.2;
				LOCALIZATION_PREFERS_STRING_CATALOGS = YES;
				MTL_ENABLE_DEBUG_INFO = INCLUDE_SOURCE;
				MTL_FAST_MATH = YES;
				ONLY_ACTIVE_ARCH = YES;
				SDKROOT = iphoneos;
				SWIFT_ACTIVE_COMPILATION_CONDITIONS = "DEBUG $(inherited)";
				SWIFT_OPTIMIZATION_LEVEL = "-Onone";
			};
			name = Debug;
		};
		92B223A72BE9FEC80095D1E1 /* Release */ = {
			isa = XCBuildConfiguration;
			buildSettings = {
				ALWAYS_SEARCH_USER_PATHS = NO;
				ASSETCATALOG_COMPILER_GENERATE_SWIFT_ASSET_SYMBOL_EXTENSIONS = YES;
				CLANG_ANALYZER_NONNULL = YES;
				CLANG_ANALYZER_NUMBER_OBJECT_CONVERSION = YES_AGGRESSIVE;
				CLANG_CXX_LANGUAGE_STANDARD = "gnu++20";
				CLANG_ENABLE_MODULES = YES;
				CLANG_ENABLE_OBJC_ARC = YES;
				CLANG_ENABLE_OBJC_WEAK = YES;
				CLANG_WARN_BLOCK_CAPTURE_AUTORELEASING = YES;
				CLANG_WARN_BOOL_CONVERSION = YES;
				CLANG_WARN_COMMA = YES;
				CLANG_WARN_CONSTANT_CONVERSION = YES;
				CLANG_WARN_DEPRECATED_OBJC_IMPLEMENTATIONS = YES;
				CLANG_WARN_DIRECT_OBJC_ISA_USAGE = YES_ERROR;
				CLANG_WARN_DOCUMENTATION_COMMENTS = YES;
				CLANG_WARN_EMPTY_BODY = YES;
				CLANG_WARN_ENUM_CONVERSION = YES;
				CLANG_WARN_INFINITE_RECURSION = YES;
				CLANG_WARN_INT_CONVERSION = YES;
				CLANG_WARN_NON_LITERAL_NULL_CONVERSION = YES;
				CLANG_WARN_OBJC_IMPLICIT_RETAIN_SELF = YES;
				CLANG_WARN_OBJC_LITERAL_CONVERSION = YES;
				CLANG_WARN_OBJC_ROOT_CLASS = YES_ERROR;
				CLANG_WARN_QUOTED_INCLUDE_IN_FRAMEWORK_HEADER = YES;
				CLANG_WARN_RANGE_LOOP_ANALYSIS = YES;
				CLANG_WARN_STRICT_PROTOTYPES = YES;
				CLANG_WARN_SUSPICIOUS_MOVE = YES;
				CLANG_WARN_UNGUARDED_AVAILABILITY = YES_AGGRESSIVE;
				CLANG_WARN_UNREACHABLE_CODE = YES;
				CLANG_WARN__DUPLICATE_METHOD_MATCH = YES;
				COPY_PHASE_STRIP = NO;
				DEBUG_INFORMATION_FORMAT = "dwarf-with-dsym";
				ENABLE_NS_ASSERTIONS = NO;
				ENABLE_STRICT_OBJC_MSGSEND = YES;
				ENABLE_USER_SCRIPT_SANDBOXING = YES;
				GCC_C_LANGUAGE_STANDARD = gnu17;
				GCC_NO_COMMON_BLOCKS = YES;
				GCC_WARN_64_TO_32_BIT_CONVERSION = YES;
				GCC_WARN_ABOUT_RETURN_TYPE = YES_ERROR;
				GCC_WARN_UNDECLARED_SELECTOR = YES;
				GCC_WARN_UNINITIALIZED_AUTOS = YES_AGGRESSIVE;
				GCC_WARN_UNUSED_FUNCTION = YES;
				GCC_WARN_UNUSED_VARIABLE = YES;
				IPHONEOS_DEPLOYMENT_TARGET = 17.2;
				LOCALIZATION_PREFERS_STRING_CATALOGS = YES;
				MTL_ENABLE_DEBUG_INFO = NO;
				MTL_FAST_MATH = YES;
				SDKROOT = iphoneos;
				SWIFT_COMPILATION_MODE = wholemodule;
				VALIDATE_PRODUCT = YES;
			};
			name = Release;
		};
		92B223A92BE9FEC80095D1E1 /* Debug */ = {
			isa = XCBuildConfiguration;
			buildSettings = {
				ASSETCATALOG_COMPILER_APPICON_NAME = AppIcon;
				ASSETCATALOG_COMPILER_GLOBAL_ACCENT_COLOR_NAME = AccentColor;
				CODE_SIGN_STYLE = Automatic;
				CURRENT_PROJECT_VERSION = 1;
				GENERATE_INFOPLIST_FILE = YES;
				INFOPLIST_FILE = BoardDemo/Info.plist;
				INFOPLIST_KEY_UIApplicationSupportsIndirectInputEvents = YES;
				INFOPLIST_KEY_UILaunchStoryboardName = LaunchScreen;
				INFOPLIST_KEY_UIMainStoryboardFile = Main;
				INFOPLIST_KEY_UISupportedInterfaceOrientations_iPad = "UIInterfaceOrientationPortrait UIInterfaceOrientationPortraitUpsideDown UIInterfaceOrientationLandscapeLeft UIInterfaceOrientationLandscapeRight";
				INFOPLIST_KEY_UISupportedInterfaceOrientations_iPhone = "UIInterfaceOrientationPortrait UIInterfaceOrientationLandscapeLeft UIInterfaceOrientationLandscapeRight";
				LD_RUNPATH_SEARCH_PATHS = (
					"$(inherited)",
					"@executable_path/Frameworks",
				);
				MARKETING_VERSION = 1.0;
				PRODUCT_BUNDLE_IDENTIFIER = dev.yeonji.BoardDemo;
				PRODUCT_NAME = "$(TARGET_NAME)";
				SWIFT_EMIT_LOC_STRINGS = YES;
				SWIFT_VERSION = 5.0;
				TARGETED_DEVICE_FAMILY = "1,2";
			};
			name = Debug;
		};
		92B223AA2BE9FEC80095D1E1 /* Release */ = {
			isa = XCBuildConfiguration;
			buildSettings = {
				ASSETCATALOG_COMPILER_APPICON_NAME = AppIcon;
				ASSETCATALOG_COMPILER_GLOBAL_ACCENT_COLOR_NAME = AccentColor;
				CODE_SIGN_STYLE = Automatic;
				CURRENT_PROJECT_VERSION = 1;
				GENERATE_INFOPLIST_FILE = YES;
				INFOPLIST_FILE = BoardDemo/Info.plist;
				INFOPLIST_KEY_UIApplicationSupportsIndirectInputEvents = YES;
				INFOPLIST_KEY_UILaunchStoryboardName = LaunchScreen;
				INFOPLIST_KEY_UIMainStoryboardFile = Main;
				INFOPLIST_KEY_UISupportedInterfaceOrientations_iPad = "UIInterfaceOrientationPortrait UIInterfaceOrientationPortraitUpsideDown UIInterfaceOrientationLandscapeLeft UIInterfaceOrientationLandscapeRight";
				INFOPLIST_KEY_UISupportedInterfaceOrientations_iPhone = "UIInterfaceOrientationPortrait UIInterfaceOrientationLandscapeLeft UIInterfaceOrientationLandscapeRight";
				LD_RUNPATH_SEARCH_PATHS = (
					"$(inherited)",
					"@executable_path/Frameworks",
				);
				MARKETING_VERSION = 1.0;
				PRODUCT_BUNDLE_IDENTIFIER = dev.yeonji.BoardDemo;
				PRODUCT_NAME = "$(TARGET_NAME)";
				SWIFT_EMIT_LOC_STRINGS = YES;
				SWIFT_VERSION = 5.0;
				TARGETED_DEVICE_FAMILY = "1,2";
			};
			name = Release;
		};
/* End XCBuildConfiguration section */

/* Begin XCConfigurationList section */
		92B2238F2BE9FEC50095D1E1 /* Build configuration list for PBXProject "BoardDemo" */ = {
			isa = XCConfigurationList;
			buildConfigurations = (
				92B223A62BE9FEC80095D1E1 /* Debug */,
				92B223A72BE9FEC80095D1E1 /* Release */,
			);
			defaultConfigurationIsVisible = 0;
			defaultConfigurationName = Release;
		};
		92B223A82BE9FEC80095D1E1 /* Build configuration list for PBXNativeTarget "BoardDemo" */ = {
			isa = XCConfigurationList;
			buildConfigurations = (
				92B223A92BE9FEC80095D1E1 /* Debug */,
				92B223AA2BE9FEC80095D1E1 /* Release */,
			);
			defaultConfigurationIsVisible = 0;
			defaultConfigurationName = Release;
		};
/* End XCConfigurationList section */
	};
	rootObject = 92B2238C2BE9FEC50095D1E1 /* Project object */;
}
